
Microsoft Visual Studio Solution File, Format Version 12.00
# Visual Studio Version 16
VisualStudioVersion = 16.0.31025.194
MinimumVisualStudioVersion = 10.0.40219.1
Project("{FAE04EC0-301F-11D3-BF4B-00C04F79EFBC}") = "Ders1", "Ders1\Ders1.csproj", "{5A44720D-B655-4ACB-826C-F34C8EB9D877}"
EndProject
Project("{FAE04EC0-301F-11D3-BF4B-00C04F79EFBC}") = "Ders2", "Ders2\Ders2.csproj", "{AD94F1C0-9631-48F5-B73C-682BA2C27889}"
EndProject
Project("{FAE04EC0-301F-11D3-BF4B-00C04F79EFBC}") = "Ders3", "Ders3\Ders3.csproj", "{28A06C22-40AE-4733-9C16-3F7B85DC5781}"
EndProject
Global
	GlobalSection(SolutionConfigurationPlatforms) = preSolution
		Debug|Any CPU = Debug|Any CPU
		Release|Any CPU = Release|Any CPU
	EndGlobalSection
	GlobalSection(ProjectConfigurationPlatforms) = postSolution
		{5A44720D-B655-4ACB-826C-F34C8EB9D877}.Debug|Any CPU.ActiveCfg = Debug|Any CPU
		{5A44720D-B655-4ACB-826C-F34C8EB9D877}.Debug|Any CPU.Build.0 = Debug|Any CPU
		{5A44720D-B655-4ACB-826C-F34C8EB9D877}.Release|Any CPU.ActiveCfg = Release|Any CPU
		{5A44720D-B655-4ACB-826C-F34C8EB9D877}.Release|Any CPU.Build.0 = Release|Any CPU
		{AD94F1C0-9631-48F5-B73C-682BA2C27889}.Debug|Any CPU.ActiveCfg = Debug|Any CPU
		{AD94F1C0-9631-48F5-B73C-682BA2C27889}.Debug|Any CPU.Build.0 = Debug|Any CPU
		{AD94F1C0-9631-48F5-B73C-682BA2C27889}.Release|Any CPU.ActiveCfg = Release|Any CPU
		{AD94F1C0-9631-48F5-B73C-682BA2C27889}.Release|Any CPU.Build.0 = Release|Any CPU
		{28A06C22-40AE-4733-9C16-3F7B85DC5781}.Debug|Any CPU.ActiveCfg = Debug|Any CPU
		{28A06C22-40AE-4733-9C16-3F7B85DC5781}.Debug|Any CPU.Build.0 = Debug|Any CPU
		{28A06C22-40AE-4733-9C16-3F7B85DC5781}.Release|Any CPU.ActiveCfg = Release|Any CPU
		{28A06C22-40AE-4733-9C16-3F7B85DC5781}.Release|Any CPU.Build.0 = Release|Any CPU
	EndGlobalSection
	GlobalSection(SolutionProperties) = preSolution
		HideSolutionNode = FALSE
	EndGlobalSection
	GlobalSection(ExtensibilityGlobals) = postSolution
		SolutionGuid = {C6D13ECF-759E-44A0-824B-30608F779E01}
	EndGlobalSection
EndGlobal
